# generated by rye
# use `rye lock` or `rye sync` to update this lockfile
#
# last locked with the following flags:
#   pre: false
#   features: []
#   all-features: false
#   with-sources: false
#   generate-hashes: false
#   universal: false

-e file:.
annotated-types==0.7.0
    # via pydantic
click==8.1.7
    # via neuroh5
contourpy==1.3.0
    # via matplotlib
cycler==0.12.1
    # via matplotlib
cython==3.0.11
    # via treverhines-rbf
find-libpython==0.4.0
    # via neuron
fonttools==4.53.1
    # via matplotlib
h5py==3.11.0
    # via neuroh5
kiwisolver==1.4.5
    # via matplotlib
matplotlib==3.9.2
    # via miv-simulator
mpi4py==4.0.0
    # via neuroh5
mpmath==1.3.0
    # via sympy
networkx==3.3
    # via miv-simulator
neuroh5 @ git+https://github.com/iraikov/neuroh5.git@b7c3e5e1c0bbba90e3872fd8de8d605a318ab327
    # via miv-simulator
neuron==8.2.6
    # via miv-simulator
numpy==1.26.4
    # via contourpy
    # via h5py
    # via matplotlib
    # via neuroh5
    # via neuron
    # via quantities
    # via scipy
    # via treverhines-rbf
packaging==24.1
    # via matplotlib
    # via neuron
pillow==10.4.0
    # via matplotlib
pydantic==2.8.2
    # via miv-simulator
pydantic-core==2.20.1
    # via pydantic
pyparsing==3.1.4
    # via matplotlib
python-dateutil==2.9.0.post0
    # via matplotlib
pyyaml==6.0.2
    # via miv-simulator
quantities==0.16.0
    # via miv-simulator
rtree==1.3.0
    # via treverhines-rbf
scipy==1.14.1
    # via treverhines-rbf
setuptools==74.0.0
    # via neuron
six==1.16.0
    # via python-dateutil
sympy==1.13.2
    # via treverhines-rbf
treverhines-rbf==2024.3.21
    # via miv-simulator
typing-extensions==4.12.2
    # via pydantic
    # via pydantic-core
